{
  "name": "dxfer",
  "version": "1.0.0",
  "lockfileVersion": 2,
  "requires": true,
  "packages": {
    "": {
      "name": "dxfer",
      "version": "1.0.0",
      "license": "ISC",
      "dependencies": {
        "dxf-writer": "^1.18.4"
      }
    },
    "node_modules/dxf-writer": {
      "version": "1.18.4",
      "resolved": "https://registry.npmjs.org/dxf-writer/-/dxf-writer-1.18.4.tgz",
      "integrity": "sha512-JdLOyP+1UyeB30yPowJLJKK0bPROq/dX+QTWcLSplQoepcyo/YMlU0Z27T7mIPxgwiPb+CQWwUIlbcRRfns+ng=="
    }
  },
  "dependencies": {
    "dxf-writer": {
      "version": "1.18.4",
      "resolved": "https://registry.npmjs.org/dxf-writer/-/dxf-writer-1.18.4.tgz",
      "integrity": "sha512-JdLOyP+1UyeB30yPowJLJKK0bPROq/dX+QTWcLSplQoepcyo/YMlU0Z27T7mIPxgwiPb+CQWwUIlbcRRfns+ng=="
    }
  }
}
